// !$*UTF8*$!
{
	archiveVersion = 1;
	classes = {
	};
	objectVersion = 46;
	objects = {

/* Begin PBXBuildFile section */
		BE0E2D8A1707B58400A5F7AC /* TableHeaderViewContainer.m in Sources */ = {isa = PBXBuildFile; fileRef = BE0E2D891707B58400A5F7AC /* TableHeaderViewContainer.m */; };
		BE0E2D8C1707B5AD00A5F7AC /* TableHeaderView.xib in Resources */ = {isa = PBXBuildFile; fileRef = BE0E2D8B1707B5AD00A5F7AC /* TableHeaderView.xib */; };
		BE3A0C071702BE26001B18EC /* SampleDataSource.m in Sources */ = {isa = PBXBuildFile; fileRef = BE3A0C061702BE26001B18EC /* SampleDataSource.m */; };
		BEA0289F170552C1009FD721 /* ModernLife.jpg in Resources */ = {isa = PBXBuildFile; fileRef = BEA0289E170552C1009FD721 /* ModernLife.jpg */; };
		BEB54D361707DF4A002042CD /* ItemPickerContext.m in Sources */ = {isa = PBXBuildFile; fileRef = BEB54D351707DF4A002042CD /* ItemPickerContext.m */; };
		BEB54D4B17080731002042CD /* Stack.m in Sources */ = {isa = PBXBuildFile; fileRef = BEB54D4A17080731002042CD /* Stack.m */; };
		BEEB9CAF16FFE3B60021E035 /* UIKit.framework in Frameworks */ = {isa = PBXBuildFile; fileRef = BEEB9CAE16FFE3B60021E035 /* UIKit.framework */; };
		BEEB9CB116FFE3B60021E035 /* Foundation.framework in Frameworks */ = {isa = PBXBuildFile; fileRef = BEEB9CB016FFE3B60021E035 /* Foundation.framework */; };
		BEEB9CB316FFE3B60021E035 /* CoreGraphics.framework in Frameworks */ = {isa = PBXBuildFile; fileRef = BEEB9CB216FFE3B60021E035 /* CoreGraphics.framework */; };
		BEEB9CB916FFE3B60021E035 /* InfoPlist.strings in Resources */ = {isa = PBXBuildFile; fileRef = BEEB9CB716FFE3B60021E035 /* InfoPlist.strings */; };
		BEEB9CBB16FFE3B60021E035 /* main.m in Sources */ = {isa = PBXBuildFile; fileRef = BEEB9CBA16FFE3B60021E035 /* main.m */; };
		BEEB9CBF16FFE3B60021E035 /* AppDelegate.m in Sources */ = {isa = PBXBuildFile; fileRef = BEEB9CBE16FFE3B60021E035 /* AppDelegate.m */; };
		BEEB9CC716FFE3B60021E035 /* SenTestingKit.framework in Frameworks */ = {isa = PBXBuildFile; fileRef = BEEB9CC616FFE3B60021E035 /* SenTestingKit.framework */; };
		BEEB9CC816FFE3B60021E035 /* UIKit.framework in Frameworks */ = {isa = PBXBuildFile; fileRef = BEEB9CAE16FFE3B60021E035 /* UIKit.framework */; };
		BEEB9CC916FFE3B60021E035 /* Foundation.framework in Frameworks */ = {isa = PBXBuildFile; fileRef = BEEB9CB016FFE3B60021E035 /* Foundation.framework */; };
		BEEB9CD116FFE3B60021E035 /* InfoPlist.strings in Resources */ = {isa = PBXBuildFile; fileRef = BEEB9CCF16FFE3B60021E035 /* InfoPlist.strings */; };
		BEEB9CE016FFE4990021E035 /* TableSectionHandler.m in Sources */ = {isa = PBXBuildFile; fileRef = BEEB9CDF16FFE4990021E035 /* TableSectionHandler.m */; };
		BEEB9CE316FFE50A0021E035 /* TableSectionHandlerTest.m in Sources */ = {isa = PBXBuildFile; fileRef = BEEB9CE116FFE4DC0021E035 /* TableSectionHandlerTest.m */; };
		BEEB9CEA16FFE5870021E035 /* ItemPicker.m in Sources */ = {isa = PBXBuildFile; fileRef = BEEB9CE516FFE5870021E035 /* ItemPicker.m */; };
		BEEB9CEB16FFE5870021E035 /* ItemPickerViewController.m in Sources */ = {isa = PBXBuildFile; fileRef = BEEB9CE816FFE5870021E035 /* ItemPickerViewController.m */; };
		BEEB9CEC16FFE5870021E035 /* ItemPickerViewController.xib in Resources */ = {isa = PBXBuildFile; fileRef = BEEB9CE916FFE5870021E035 /* ItemPickerViewController.xib */; };
		BEEB9CF216FFE6540021E035 /* TestViewController.m in Sources */ = {isa = PBXBuildFile; fileRef = BEEB9CF016FFE6540021E035 /* TestViewController.m */; };
		BEEB9D0416FFE8AE0021E035 /* MultiDictionary.m in Sources */ = {isa = PBXBuildFile; fileRef = BEEB9CF816FFE8AE0021E035 /* MultiDictionary.m */; };
		BEEB9D0616FFE8AE0021E035 /* Preconditions.m in Sources */ = {isa = PBXBuildFile; fileRef = BEEB9CFC16FFE8AE0021E035 /* Preconditions.m */; };
		BEEB9D1416FFEA760021E035 /* MainStoryboard.storyboard in Resources */ = {isa = PBXBuildFile; fileRef = BEEB9D1216FFEA760021E035 /* MainStoryboard.storyboard */; };
/* End PBXBuildFile section */

/* Begin PBXContainerItemProxy section */
		BEEB9CCA16FFE3B60021E035 /* PBXContainerItemProxy */ = {
			isa = PBXContainerItemProxy;
			containerPortal = BEEB9CA116FFE3B60021E035 /* Project object */;
			proxyType = 1;
			remoteGlobalIDString = BEEB9CA916FFE3B60021E035;
			remoteInfo = STItemPicker;
		};
/* End PBXContainerItemProxy section */

/* Begin PBXFileReference section */
		BE0E2D881707B58300A5F7AC /* TableHeaderViewContainer.h */ = {isa = PBXFileReference; fileEncoding = 4; lastKnownFileType = sourcecode.c.h; name = TableHeaderViewContainer.h; path = ItemPickerSource/TableHeaderViewContainer.h; sourceTree = "<group>"; };
		BE0E2D891707B58400A5F7AC /* TableHeaderViewContainer.m */ = {isa = PBXFileReference; fileEncoding = 4; lastKnownFileType = sourcecode.c.objc; name = TableHeaderViewContainer.m; path = ItemPickerSource/TableHeaderViewContainer.m; sourceTree = "<group>"; };
		BE0E2D8B1707B5AD00A5F7AC /* TableHeaderView.xib */ = {isa = PBXFileReference; fileEncoding = 4; lastKnownFileType = file.xib; name = TableHeaderView.xib; path = ItemPickerSource/TableHeaderView.xib; sourceTree = "<group>"; };
		BE3A0C051702BE26001B18EC /* SampleDataSource.h */ = {isa = PBXFileReference; fileEncoding = 4; lastKnownFileType = sourcecode.c.h; name = SampleDataSource.h; path = DataSources/SampleDataSource.h; sourceTree = "<group>"; };
		BE3A0C061702BE26001B18EC /* SampleDataSource.m */ = {isa = PBXFileReference; fileEncoding = 4; lastKnownFileType = sourcecode.c.objc; name = SampleDataSource.m; path = DataSources/SampleDataSource.m; sourceTree = "<group>"; };
		BEA0289E170552C1009FD721 /* ModernLife.jpg */ = {isa = PBXFileReference; lastKnownFileType = image.jpeg; name = ModernLife.jpg; path = Images/ModernLife.jpg; sourceTree = "<group>"; };
		BEB54D341707DF49002042CD /* ItemPickerContext.h */ = {isa = PBXFileReference; fileEncoding = 4; lastKnownFileType = sourcecode.c.h; name = ItemPickerContext.h; path = ItemPickerSource/ItemPickerContext.h; sourceTree = "<group>"; };
		BEB54D351707DF4A002042CD /* ItemPickerContext.m */ = {isa = PBXFileReference; fileEncoding = 4; lastKnownFileType = sourcecode.c.objc; name = ItemPickerContext.m; path = ItemPickerSource/ItemPickerContext.m; sourceTree = "<group>"; };
		BEB54D4917080731002042CD /* Stack.h */ = {isa = PBXFileReference; fileEncoding = 4; lastKnownFileType = sourcecode.c.h; name = Stack.h; path = Submodules/STObjCToolbelt/Source/Stack.h; sourceTree = "<group>"; };
		BEB54D4A17080731002042CD /* Stack.m */ = {isa = PBXFileReference; fileEncoding = 4; lastKnownFileType = sourcecode.c.objc; name = Stack.m; path = Submodules/STObjCToolbelt/Source/Stack.m; sourceTree = "<group>"; };
		BEEB9CAA16FFE3B60021E035 /* STItemPicker.app */ = {isa = PBXFileReference; explicitFileType = wrapper.application; includeInIndex = 0; path = STItemPicker.app; sourceTree = BUILT_PRODUCTS_DIR; };
		BEEB9CAE16FFE3B60021E035 /* UIKit.framework */ = {isa = PBXFileReference; lastKnownFileType = wrapper.framework; name = UIKit.framework; path = System/Library/Frameworks/UIKit.framework; sourceTree = SDKROOT; };
		BEEB9CB016FFE3B60021E035 /* Foundation.framework */ = {isa = PBXFileReference; lastKnownFileType = wrapper.framework; name = Foundation.framework; path = System/Library/Frameworks/Foundation.framework; sourceTree = SDKROOT; };
		BEEB9CB216FFE3B60021E035 /* CoreGraphics.framework */ = {isa = PBXFileReference; lastKnownFileType = wrapper.framework; name = CoreGraphics.framework; path = System/Library/Frameworks/CoreGraphics.framework; sourceTree = SDKROOT; };
		BEEB9CB616FFE3B60021E035 /* STItemPicker-Info.plist */ = {isa = PBXFileReference; lastKnownFileType = text.plist.xml; path = "STItemPicker-Info.plist"; sourceTree = "<group>"; };
		BEEB9CB816FFE3B60021E035 /* en */ = {isa = PBXFileReference; lastKnownFileType = text.plist.strings; name = en; path = en.lproj/InfoPlist.strings; sourceTree = "<group>"; };
		BEEB9CBA16FFE3B60021E035 /* main.m */ = {isa = PBXFileReference; lastKnownFileType = sourcecode.c.objc; path = main.m; sourceTree = "<group>"; };
		BEEB9CBC16FFE3B60021E035 /* STItemPicker-Prefix.pch */ = {isa = PBXFileReference; lastKnownFileType = sourcecode.c.h; path = "STItemPicker-Prefix.pch"; sourceTree = "<group>"; };
		BEEB9CBD16FFE3B60021E035 /* AppDelegate.h */ = {isa = PBXFileReference; lastKnownFileType = sourcecode.c.h; path = AppDelegate.h; sourceTree = "<group>"; };
		BEEB9CBE16FFE3B60021E035 /* AppDelegate.m */ = {isa = PBXFileReference; lastKnownFileType = sourcecode.c.objc; path = AppDelegate.m; sourceTree = "<group>"; };
		BEEB9CC516FFE3B60021E035 /* STItemPickerTests.octest */ = {isa = PBXFileReference; explicitFileType = wrapper.cfbundle; includeInIndex = 0; path = STItemPickerTests.octest; sourceTree = BUILT_PRODUCTS_DIR; };
		BEEB9CC616FFE3B60021E035 /* SenTestingKit.framework */ = {isa = PBXFileReference; lastKnownFileType = wrapper.framework; name = SenTestingKit.framework; path = Library/Frameworks/SenTestingKit.framework; sourceTree = DEVELOPER_DIR; };
		BEEB9CCE16FFE3B60021E035 /* STItemPickerTests-Info.plist */ = {isa = PBXFileReference; lastKnownFileType = text.plist.xml; path = "STItemPickerTests-Info.plist"; sourceTree = "<group>"; };
		BEEB9CD016FFE3B60021E035 /* en */ = {isa = PBXFileReference; lastKnownFileType = text.plist.strings; name = en; path = en.lproj/InfoPlist.strings; sourceTree = "<group>"; };
		BEEB9CDE16FFE4990021E035 /* TableSectionHandler.h */ = {isa = PBXFileReference; fileEncoding = 4; lastKnownFileType = sourcecode.c.h; name = TableSectionHandler.h; path = ItemPickerSource/TableSectionHandler.h; sourceTree = "<group>"; };
		BEEB9CDF16FFE4990021E035 /* TableSectionHandler.m */ = {isa = PBXFileReference; fileEncoding = 4; lastKnownFileType = sourcecode.c.objc; name = TableSectionHandler.m; path = ItemPickerSource/TableSectionHandler.m; sourceTree = "<group>"; };
		BEEB9CE116FFE4DC0021E035 /* TableSectionHandlerTest.m */ = {isa = PBXFileReference; fileEncoding = 4; lastKnownFileType = sourcecode.c.objc; path = TableSectionHandlerTest.m; sourceTree = "<group>"; };
		BEEB9CE416FFE5870021E035 /* ItemPicker.h */ = {isa = PBXFileReference; fileEncoding = 4; lastKnownFileType = sourcecode.c.h; name = ItemPicker.h; path = ItemPickerSource/ItemPicker.h; sourceTree = "<group>"; };
		BEEB9CE516FFE5870021E035 /* ItemPicker.m */ = {isa = PBXFileReference; fileEncoding = 4; lastKnownFileType = sourcecode.c.objc; name = ItemPicker.m; path = ItemPickerSource/ItemPicker.m; sourceTree = "<group>"; };
		BEEB9CE616FFE5870021E035 /* ItemPickerDataSource.h */ = {isa = PBXFileReference; fileEncoding = 4; lastKnownFileType = sourcecode.c.h; name = ItemPickerDataSource.h; path = ItemPickerSource/ItemPickerDataSource.h; sourceTree = "<group>"; };
		BEEB9CE716FFE5870021E035 /* ItemPickerViewController.h */ = {isa = PBXFileReference; fileEncoding = 4; lastKnownFileType = sourcecode.c.h; name = ItemPickerViewController.h; path = ItemPickerSource/ItemPickerViewController.h; sourceTree = "<group>"; };
		BEEB9CE816FFE5870021E035 /* ItemPickerViewController.m */ = {isa = PBXFileReference; fileEncoding = 4; lastKnownFileType = sourcecode.c.objc; name = ItemPickerViewController.m; path = ItemPickerSource/ItemPickerViewController.m; sourceTree = "<group>"; };
		BEEB9CE916FFE5870021E035 /* ItemPickerViewController.xib */ = {isa = PBXFileReference; fileEncoding = 4; lastKnownFileType = file.xib; name = ItemPickerViewController.xib; path = ItemPickerSource/ItemPickerViewController.xib; sourceTree = "<group>"; };
		BEEB9CEF16FFE6540021E035 /* TestViewController.h */ = {isa = PBXFileReference; fileEncoding = 4; lastKnownFileType = sourcecode.c.h; path = TestViewController.h; sourceTree = "<group>"; };
		BEEB9CF016FFE6540021E035 /* TestViewController.m */ = {isa = PBXFileReference; fileEncoding = 4; lastKnownFileType = sourcecode.c.objc; path = TestViewController.m; sourceTree = "<group>"; };
		BEEB9CF716FFE8AE0021E035 /* MultiDictionary.h */ = {isa = PBXFileReference; fileEncoding = 4; lastKnownFileType = sourcecode.c.h; name = MultiDictionary.h; path = Submodules/STObjCToolbelt/Source/MultiDictionary.h; sourceTree = "<group>"; };
		BEEB9CF816FFE8AE0021E035 /* MultiDictionary.m */ = {isa = PBXFileReference; fileEncoding = 4; lastKnownFileType = sourcecode.c.objc; name = MultiDictionary.m; path = Submodules/STObjCToolbelt/Source/MultiDictionary.m; sourceTree = "<group>"; };
		BEEB9CFB16FFE8AE0021E035 /* Preconditions.h */ = {isa = PBXFileReference; fileEncoding = 4; lastKnownFileType = sourcecode.c.h; name = Preconditions.h; path = Submodules/STObjCToolbelt/Source/Preconditions.h; sourceTree = "<group>"; };
		BEEB9CFC16FFE8AE0021E035 /* Preconditions.m */ = {isa = PBXFileReference; fileEncoding = 4; lastKnownFileType = sourcecode.c.objc; name = Preconditions.m; path = Submodules/STObjCToolbelt/Source/Preconditions.m; sourceTree = "<group>"; };
		BEEB9D1316FFEA760021E035 /* en */ = {isa = PBXFileReference; lastKnownFileType = file.storyboard; name = en; path = en.lproj/MainStoryboard.storyboard; sourceTree = "<group>"; };
/* End PBXFileReference section */

/* Begin PBXFrameworksBuildPhase section */
		BEEB9CA716FFE3B60021E035 /* Frameworks */ = {
			isa = PBXFrameworksBuildPhase;
			buildActionMask = 2147483647;
			files = (
				BEEB9CAF16FFE3B60021E035 /* UIKit.framework in Frameworks */,
				BEEB9CB116FFE3B60021E035 /* Foundation.framework in Frameworks */,
				BEEB9CB316FFE3B60021E035 /* CoreGraphics.framework in Frameworks */,
			);
			runOnlyForDeploymentPostprocessing = 0;
		};
		BEEB9CC116FFE3B60021E035 /* Frameworks */ = {
			isa = PBXFrameworksBuildPhase;
			buildActionMask = 2147483647;
			files = (
				BEEB9CC716FFE3B60021E035 /* SenTestingKit.framework in Frameworks */,
				BEEB9CC816FFE3B60021E035 /* UIKit.framework in Frameworks */,
				BEEB9CC916FFE3B60021E035 /* Foundation.framework in Frameworks */,
			);
			runOnlyForDeploymentPostprocessing = 0;
		};
/* End PBXFrameworksBuildPhase section */

/* Begin PBXGroup section */
		BE3A0C031702B9D1001B18EC /* DataSources */ = {
			isa = PBXGroup;
			children = (
				BE3A0C051702BE26001B18EC /* SampleDataSource.h */,
				BE3A0C061702BE26001B18EC /* SampleDataSource.m */,
			);
			name = DataSources;
			sourceTree = "<group>";
		};
		BEA0289D1705524B009FD721 /* Images */ = {
			isa = PBXGroup;
			children = (
				BEA0289E170552C1009FD721 /* ModernLife.jpg */,
			);
			name = Images;
			sourceTree = "<group>";
		};
		BEEB9C9F16FFE3B60021E035 = {
			isa = PBXGroup;
			children = (
				BEEB9CB416FFE3B60021E035 /* STItemPicker */,
				BEEB9CCC16FFE3B60021E035 /* STItemPickerTests */,
				BEEB9CAD16FFE3B60021E035 /* Frameworks */,
				BEEB9CAB16FFE3B60021E035 /* Products */,
				BEEB9CF316FFE8840021E035 /* Submodules */,
			);
			sourceTree = "<group>";
		};
		BEEB9CAB16FFE3B60021E035 /* Products */ = {
			isa = PBXGroup;
			children = (
				BEEB9CAA16FFE3B60021E035 /* STItemPicker.app */,
				BEEB9CC516FFE3B60021E035 /* STItemPickerTests.octest */,
			);
			name = Products;
			sourceTree = "<group>";
		};
		BEEB9CAD16FFE3B60021E035 /* Frameworks */ = {
			isa = PBXGroup;
			children = (
				BEEB9CAE16FFE3B60021E035 /* UIKit.framework */,
				BEEB9CB016FFE3B60021E035 /* Foundation.framework */,
				BEEB9CB216FFE3B60021E035 /* CoreGraphics.framework */,
				BEEB9CC616FFE3B60021E035 /* SenTestingKit.framework */,
			);
			name = Frameworks;
			sourceTree = "<group>";
		};
		BEEB9CB416FFE3B60021E035 /* STItemPicker */ = {
			isa = PBXGroup;
			children = (
				BE3A0C031702B9D1001B18EC /* DataSources */,
				BEA0289D1705524B009FD721 /* Images */,
				BEEB9CDD16FFE4710021E035 /* ItemPickerSource */,
				BEEB9CBD16FFE3B60021E035 /* AppDelegate.h */,
				BEEB9CBE16FFE3B60021E035 /* AppDelegate.m */,
				BEEB9D1216FFEA760021E035 /* MainStoryboard.storyboard */,
				BEEB9CEF16FFE6540021E035 /* TestViewController.h */,
				BEEB9CF016FFE6540021E035 /* TestViewController.m */,
				BEEB9CB516FFE3B60021E035 /* Supporting Files */,
			);
			path = STItemPicker;
			sourceTree = "<group>";
		};
		BEEB9CB516FFE3B60021E035 /* Supporting Files */ = {
			isa = PBXGroup;
			children = (
				BEEB9CB616FFE3B60021E035 /* STItemPicker-Info.plist */,
				BEEB9CB716FFE3B60021E035 /* InfoPlist.strings */,
				BEEB9CBA16FFE3B60021E035 /* main.m */,
				BEEB9CBC16FFE3B60021E035 /* STItemPicker-Prefix.pch */,
			);
			name = "Supporting Files";
			sourceTree = "<group>";
		};
		BEEB9CCC16FFE3B60021E035 /* STItemPickerTests */ = {
			isa = PBXGroup;
			children = (
				BEEB9CE116FFE4DC0021E035 /* TableSectionHandlerTest.m */,
				BEEB9CCD16FFE3B60021E035 /* Supporting Files */,
			);
			path = STItemPickerTests;
			sourceTree = "<group>";
		};
		BEEB9CCD16FFE3B60021E035 /* Supporting Files */ = {
			isa = PBXGroup;
			children = (
				BEEB9CCE16FFE3B60021E035 /* STItemPickerTests-Info.plist */,
				BEEB9CCF16FFE3B60021E035 /* InfoPlist.strings */,
			);
			name = "Supporting Files";
			sourceTree = "<group>";
		};
		BEEB9CDD16FFE4710021E035 /* ItemPickerSource */ = {
			isa = PBXGroup;
			children = (
				BEEB9CE416FFE5870021E035 /* ItemPicker.h */,
				BEEB9CE516FFE5870021E035 /* ItemPicker.m */,
				BEB54D341707DF49002042CD /* ItemPickerContext.h */,
				BEB54D351707DF4A002042CD /* ItemPickerContext.m */,
				BEEB9CE616FFE5870021E035 /* ItemPickerDataSource.h */,
				BEEB9CE716FFE5870021E035 /* ItemPickerViewController.h */,
				BEEB9CE816FFE5870021E035 /* ItemPickerViewController.m */,
				BEEB9CE916FFE5870021E035 /* ItemPickerViewController.xib */,
				BE0E2D8B1707B5AD00A5F7AC /* TableHeaderView.xib */,
				BE0E2D881707B58300A5F7AC /* TableHeaderViewContainer.h */,
				BE0E2D891707B58400A5F7AC /* TableHeaderViewContainer.m */,
				BEEB9CDE16FFE4990021E035 /* TableSectionHandler.h */,
				BEEB9CDF16FFE4990021E035 /* TableSectionHandler.m */,
			);
			name = ItemPickerSource;
			sourceTree = "<group>";
		};
		BEEB9CF316FFE8840021E035 /* Submodules */ = {
			isa = PBXGroup;
			children = (
				BEEB9CF416FFE8930021E035 /* STObjCToolbelt */,
			);
			name = Submodules;
			sourceTree = "<group>";
		};
		BEEB9CF416FFE8930021E035 /* STObjCToolbelt */ = {
			isa = PBXGroup;
			children = (
				BEEB9CF716FFE8AE0021E035 /* MultiDictionary.h */,
				BEEB9CF816FFE8AE0021E035 /* MultiDictionary.m */,
				BEEB9CFB16FFE8AE0021E035 /* Preconditions.h */,
				BEEB9CFC16FFE8AE0021E035 /* Preconditions.m */,
				BEB54D4917080731002042CD /* Stack.h */,
				BEB54D4A17080731002042CD /* Stack.m */,
			);
			name = STObjCToolbelt;
			sourceTree = "<group>";
		};
/* End PBXGroup section */

/* Begin PBXNativeTarget section */
		BEEB9CA916FFE3B60021E035 /* STItemPicker */ = {
			isa = PBXNativeTarget;
			buildConfigurationList = BEEB9CD716FFE3B60021E035 /* Build configuration list for PBXNativeTarget "STItemPicker" */;
			buildPhases = (
				BEEB9CA616FFE3B60021E035 /* Sources */,
				BEEB9CA716FFE3B60021E035 /* Frameworks */,
				BEEB9CA816FFE3B60021E035 /* Resources */,
			);
			buildRules = (
			);
			dependencies = (
			);
			name = STItemPicker;
			productName = STItemPicker;
			productReference = BEEB9CAA16FFE3B60021E035 /* STItemPicker.app */;
			productType = "com.apple.product-type.application";
		};
		BEEB9CC416FFE3B60021E035 /* STItemPickerTests */ = {
			isa = PBXNativeTarget;
			buildConfigurationList = BEEB9CDA16FFE3B60021E035 /* Build configuration list for PBXNativeTarget "STItemPickerTests" */;
			buildPhases = (
				BEEB9CC016FFE3B60021E035 /* Sources */,
				BEEB9CC116FFE3B60021E035 /* Frameworks */,
				BEEB9CC216FFE3B60021E035 /* Resources */,
				BEEB9CC316FFE3B60021E035 /* ShellScript */,
			);
			buildRules = (
			);
			dependencies = (
				BEEB9CCB16FFE3B60021E035 /* PBXTargetDependency */,
			);
			name = STItemPickerTests;
			productName = STItemPickerTests;
			productReference = BEEB9CC516FFE3B60021E035 /* STItemPickerTests.octest */;
			productType = "com.apple.product-type.bundle";
		};
/* End PBXNativeTarget section */

/* Begin PBXProject section */
		BEEB9CA116FFE3B60021E035 /* Project object */ = {
			isa = PBXProject;
			attributes = {
				LastUpgradeCheck = 0420;
			};
			buildConfigurationList = BEEB9CA416FFE3B60021E035 /* Build configuration list for PBXProject "STItemPicker" */;
			compatibilityVersion = "Xcode 3.2";
			developmentRegion = English;
			hasScannedForEncodings = 0;
			knownRegions = (
				en,
			);
			mainGroup = BEEB9C9F16FFE3B60021E035;
			productRefGroup = BEEB9CAB16FFE3B60021E035 /* Products */;
			projectDirPath = "";
			projectRoot = "";
			targets = (
				BEEB9CA916FFE3B60021E035 /* STItemPicker */,
				BEEB9CC416FFE3B60021E035 /* STItemPickerTests */,
			);
		};
/* End PBXProject section */

/* Begin PBXResourcesBuildPhase section */
		BEEB9CA816FFE3B60021E035 /* Resources */ = {
			isa = PBXResourcesBuildPhase;
			buildActionMask = 2147483647;
			files = (
				BEEB9CB916FFE3B60021E035 /* InfoPlist.strings in Resources */,
				BEEB9CEC16FFE5870021E035 /* ItemPickerViewController.xib in Resources */,
				BEEB9D1416FFEA760021E035 /* MainStoryboard.storyboard in Resources */,
				BEA0289F170552C1009FD721 /* ModernLife.jpg in Resources */,
				BE0E2D8C1707B5AD00A5F7AC /* TableHeaderView.xib in Resources */,
			);
			runOnlyForDeploymentPostprocessing = 0;
		};
		BEEB9CC216FFE3B60021E035 /* Resources */ = {
			isa = PBXResourcesBuildPhase;
			buildActionMask = 2147483647;
			files = (
				BEEB9CD116FFE3B60021E035 /* InfoPlist.strings in Resources */,
			);
			runOnlyForDeploymentPostprocessing = 0;
		};
/* End PBXResourcesBuildPhase section */

/* Begin PBXShellScriptBuildPhase section */
		BEEB9CC316FFE3B60021E035 /* ShellScript */ = {
			isa = PBXShellScriptBuildPhase;
			buildActionMask = 2147483647;
			files = (
			);
			inputPaths = (
			);
			outputPaths = (
			);
			runOnlyForDeploymentPostprocessing = 0;
			shellPath = /bin/sh;
			shellScript = "# Run the unit tests in this test bundle.\n\"${SYSTEM_DEVELOPER_DIR}/Tools/RunUnitTests\"\n";
		};
/* End PBXShellScriptBuildPhase section */

/* Begin PBXSourcesBuildPhase section */
		BEEB9CA616FFE3B60021E035 /* Sources */ = {
			isa = PBXSourcesBuildPhase;
			buildActionMask = 2147483647;
			files = (
				BEEB9CBB16FFE3B60021E035 /* main.m in Sources */,
				BEEB9CBF16FFE3B60021E035 /* AppDelegate.m in Sources */,
				BEEB9CE016FFE4990021E035 /* TableSectionHandler.m in Sources */,
				BEEB9CEA16FFE5870021E035 /* ItemPicker.m in Sources */,
				BEEB9CEB16FFE5870021E035 /* ItemPickerViewController.m in Sources */,
				BEEB9CF216FFE6540021E035 /* TestViewController.m in Sources */,
				BEEB9D0416FFE8AE0021E035 /* MultiDictionary.m in Sources */,
				BEEB9D0616FFE8AE0021E035 /* Preconditions.m in Sources */,
				BE3A0C071702BE26001B18EC /* SampleDataSource.m in Sources */,
				BE0E2D8A1707B58400A5F7AC /* TableHeaderViewContainer.m in Sources */,
				BEB54D361707DF4A002042CD /* ItemPickerContext.m in Sources */,
				BEB54D4B17080731002042CD /* Stack.m in Sources */,
			);
			runOnlyForDeploymentPostprocessing = 0;
		};
		BEEB9CC016FFE3B60021E035 /* Sources */ = {
			isa = PBXSourcesBuildPhase;
			buildActionMask = 2147483647;
			files = (
				BEEB9CE316FFE50A0021E035 /* TableSectionHandlerTest.m in Sources */,
			);
			runOnlyForDeploymentPostprocessing = 0;
		};
/* End PBXSourcesBuildPhase section */

/* Begin PBXTargetDependency section */
		BEEB9CCB16FFE3B60021E035 /* PBXTargetDependency */ = {
			isa = PBXTargetDependency;
			target = BEEB9CA916FFE3B60021E035 /* STItemPicker */;
			targetProxy = BEEB9CCA16FFE3B60021E035 /* PBXContainerItemProxy */;
		};
/* End PBXTargetDependency section */

/* Begin PBXVariantGroup section */
		BEEB9CB716FFE3B60021E035 /* InfoPlist.strings */ = {
			isa = PBXVariantGroup;
			children = (
				BEEB9CB816FFE3B60021E035 /* en */,
			);
			name = InfoPlist.strings;
			sourceTree = "<group>";
		};
		BEEB9CCF16FFE3B60021E035 /* InfoPlist.strings */ = {
			isa = PBXVariantGroup;
			children = (
				BEEB9CD016FFE3B60021E035 /* en */,
			);
			name = InfoPlist.strings;
			sourceTree = "<group>";
		};
		BEEB9D1216FFEA760021E035 /* MainStoryboard.storyboard */ = {
			isa = PBXVariantGroup;
			children = (
				BEEB9D1316FFEA760021E035 /* en */,
			);
			name = MainStoryboard.storyboard;
			sourceTree = "<group>";
		};
/* End PBXVariantGroup section */

/* Begin XCBuildConfiguration section */
		BEEB9CD516FFE3B60021E035 /* Debug */ = {
			isa = XCBuildConfiguration;
			buildSettings = {
				ALWAYS_SEARCH_USER_PATHS = NO;
				ARCHS = "$(ARCHS_STANDARD_32_BIT)";
				CLANG_ENABLE_OBJC_ARC = YES;
				"CODE_SIGN_IDENTITY[sdk=iphoneos*]" = "iPhone Developer";
				COPY_PHASE_STRIP = NO;
				GCC_C_LANGUAGE_STANDARD = gnu99;
				GCC_DYNAMIC_NO_PIC = NO;
				GCC_OPTIMIZATION_LEVEL = 0;
				GCC_PREPROCESSOR_DEFINITIONS = (
					"DEBUG=1",
					"$(inherited)",
				);
				GCC_SYMBOLS_PRIVATE_EXTERN = NO;
				GCC_VERSION = com.apple.compilers.llvm.clang.1_0;
				GCC_WARN_ABOUT_MISSING_PROTOTYPES = YES;
				GCC_WARN_ABOUT_RETURN_TYPE = YES;
				GCC_WARN_UNUSED_VARIABLE = YES;
				IPHONEOS_DEPLOYMENT_TARGET = 5.0;
				SDKROOT = iphoneos;
			};
			name = Debug;
		};
		BEEB9CD616FFE3B60021E035 /* Release */ = {
			isa = XCBuildConfiguration;
			buildSettings = {
				ALWAYS_SEARCH_USER_PATHS = NO;
				ARCHS = "$(ARCHS_STANDARD_32_BIT)";
				CLANG_ENABLE_OBJC_ARC = YES;
				"CODE_SIGN_IDENTITY[sdk=iphoneos*]" = "iPhone Developer";
				COPY_PHASE_STRIP = YES;
				GCC_C_LANGUAGE_STANDARD = gnu99;
				GCC_VERSION = com.apple.compilers.llvm.clang.1_0;
				GCC_WARN_ABOUT_MISSING_PROTOTYPES = YES;
				GCC_WARN_ABOUT_RETURN_TYPE = YES;
				GCC_WARN_UNUSED_VARIABLE = YES;
				IPHONEOS_DEPLOYMENT_TARGET = 5.0;
				OTHER_CFLAGS = "-DNS_BLOCK_ASSERTIONS=1";
				SDKROOT = iphoneos;
				VALIDATE_PRODUCT = YES;
			};
			name = Release;
		};
		BEEB9CD816FFE3B60021E035 /* Debug */ = {
			isa = XCBuildConfiguration;
			buildSettings = {
				GCC_PRECOMPILE_PREFIX_HEADER = YES;
				GCC_PREFIX_HEADER = "STItemPicker/STItemPicker-Prefix.pch";
				INFOPLIST_FILE = "STItemPicker/STItemPicker-Info.plist";
				PRODUCT_NAME = "$(TARGET_NAME)";
				WRAPPER_EXTENSION = app;
			};
			name = Debug;
		};
		BEEB9CD916FFE3B60021E035 /* Release */ = {
			isa = XCBuildConfiguration;
			buildSettings = {
				GCC_PRECOMPILE_PREFIX_HEADER = YES;
				GCC_PREFIX_HEADER = "STItemPicker/STItemPicker-Prefix.pch";
				INFOPLIST_FILE = "STItemPicker/STItemPicker-Info.plist";
				PRODUCT_NAME = "$(TARGET_NAME)";
				WRAPPER_EXTENSION = app;
			};
			name = Release;
		};
		BEEB9CDB16FFE3B60021E035 /* Debug */ = {
			isa = XCBuildConfiguration;
			buildSettings = {
				BUNDLE_LOADER = "$(BUILT_PRODUCTS_DIR)/STItemPicker.app/STItemPicker";
				FRAMEWORK_SEARCH_PATHS = (
					"$(SDKROOT)/Developer/Library/Frameworks",
					"$(DEVELOPER_LIBRARY_DIR)/Frameworks",
				);
				GCC_PRECOMPILE_PREFIX_HEADER = YES;
				GCC_PREFIX_HEADER = "STItemPicker/STItemPicker-Prefix.pch";
				INFOPLIST_FILE = "STItemPickerTests/STItemPickerTests-Info.plist";
				PRODUCT_NAME = "$(TARGET_NAME)";
				TEST_HOST = "$(BUNDLE_LOADER)";
				WRAPPER_EXTENSION = octest;
			};
			name = Debug;
		};
		BEEB9CDC16FFE3B60021E035 /* Release */ = {
			isa = XCBuildConfiguration;
			buildSettings = {
				BUNDLE_LOADER = "$(BUILT_PRODUCTS_DIR)/STItemPicker.app/STItemPicker";
				FRAMEWORK_SEARCH_PATHS = (
					"$(SDKROOT)/Developer/Library/Frameworks",
					"$(DEVELOPER_LIBRARY_DIR)/Frameworks",
				);
				GCC_PRECOMPILE_PREFIX_HEADER = YES;
				GCC_PREFIX_HEADER = "STItemPicker/STItemPicker-Prefix.pch";
				INFOPLIST_FILE = "STItemPickerTests/STItemPickerTests-Info.plist";
				PRODUCT_NAME = "$(TARGET_NAME)";
				TEST_HOST = "$(BUNDLE_LOADER)";
				WRAPPER_EXTENSION = octest;
			};
			name = Release;
		};
/* End XCBuildConfiguration section */

/* Begin XCConfigurationList section */
		BEEB9CA416FFE3B60021E035 /* Build configuration list for PBXProject "STItemPicker" */ = {
			isa = XCConfigurationList;
			buildConfigurations = (
				BEEB9CD516FFE3B60021E035 /* Debug */,
				BEEB9CD616FFE3B60021E035 /* Release */,
			);
			defaultConfigurationIsVisible = 0;
			defaultConfigurationName = Release;
		};
		BEEB9CD716FFE3B60021E035 /* Build configuration list for PBXNativeTarget "STItemPicker" */ = {
			isa = XCConfigurationList;
			buildConfigurations = (
				BEEB9CD816FFE3B60021E035 /* Debug */,
				BEEB9CD916FFE3B60021E035 /* Release */,
			);
			defaultConfigurationIsVisible = 0;
			defaultConfigurationName = Release;
		};
		BEEB9CDA16FFE3B60021E035 /* Build configuration list for PBXNativeTarget "STItemPickerTests" */ = {
			isa = XCConfigurationList;
			buildConfigurations = (
				BEEB9CDB16FFE3B60021E035 /* Debug */,
				BEEB9CDC16FFE3B60021E035 /* Release */,
			);
			defaultConfigurationIsVisible = 0;
			defaultConfigurationName = Release;
		};
/* End XCConfigurationList section */
	};
	rootObject = BEEB9CA116FFE3B60021E035 /* Project object */;
}
